
Microsoft Visual Studio Solution File, Format Version 12.00
# Visual Studio Version 16
VisualStudioVersion = 16.0.29709.97
MinimumVisualStudioVersion = 10.0.40219.1
Project("{FAE04EC0-301F-11D3-BF4B-00C04F79EFBC}") = "Winsurf", "Winsurf.csproj", "{69300668-FB43-48EE-8CE7-CD797A8A1212}"
EndProject
Global
	GlobalSection(SolutionConfigurationPlatforms) = preSolution
		Debug|Any CPU = Debug|Any CPU
		Release|Any CPU = Release|Any CPU
	EndGlobalSection
	GlobalSection(ProjectConfigurationPlatforms) = postSolution
		{69300668-FB43-48EE-8CE7-CD797A8A1212}.Debug|Any CPU.ActiveCfg = Debug|Any CPU
		{69300668-FB43-48EE-8CE7-CD797A8A1212}.Debug|Any CPU.Build.0 = Debug|Any CPU
		{69300668-FB43-48EE-8CE7-CD797A8A1212}.Release|Any CPU.ActiveCfg = Release|Any CPU
		{69300668-FB43-48EE-8CE7-CD797A8A1212}.Release|Any CPU.Build.0 = Release|Any CPU
	EndGlobalSection
	GlobalSection(SolutionProperties) = preSolution
		HideSolutionNode = FALSE
	EndGlobalSection
	GlobalSection(ExtensibilityGlobals) = postSolution
		SolutionGuid = {62CEF067-82D2-4FBA-AE41-81E9F48029C6}
	EndGlobalSection
EndGlobal
